
Microsoft Visual Studio Solution File, Format Version 12.00
# Visual Studio Version 17
VisualStudioVersion = 17.1.32210.238
MinimumVisualStudioVersion = 10.0.40219.1
Project("{2150E333-8FDC-42A3-9474-1A3956D46DE8}") = "src", "src", "{4DDC692B-BA45-4B18-A4D6-C1E687991FF3}"
EndProject
Project("{9A19103F-16F7-4668-BE54-9A1E7A4F7556}") = "Jhipster", "src\Jhipster\Jhipster.csproj", "{9FECE61E-1885-42B5-9CC7-4FD1E0CFEE8D}"
EndProject
Project("{9A19103F-16F7-4668-BE54-9A1E7A4F7556}") = "Jhipster.Crosscutting", "src\Jhipster.Crosscutting\Jhipster.Crosscutting.csproj", "{37F15DDB-9A1F-4E07-9C4B-4649A5E3842A}"
EndProject
Project("{9A19103F-16F7-4668-BE54-9A1E7A4F7556}") = "Jhipster.Domain", "src\Jhipster.Domain\Jhipster.Domain.csproj", "{BF5D2C4C-543A-498E-9FD2-3F384DF2C42F}"
EndProject
Project("{9A19103F-16F7-4668-BE54-9A1E7A4F7556}") = "Jhipster.Dto", "src\Jhipster.Dto\Jhipster.Dto.csproj", "{946EA956-67CB-4B59-82E8-957578101E63}"
EndProject
Project("{9A19103F-16F7-4668-BE54-9A1E7A4F7556}") = "Jhipster.Domain.Services", "src\Jhipster.Domain.Services\Jhipster.Domain.Services.csproj", "{EF4F58D9-DC67-421F-AC87-FC6F1D3FED21}"
EndProject
Project("{2150E333-8FDC-42A3-9474-1A3956D46DE8}") = "Modular", "Modular", "{C67353D3-9679-4C11-9D34-32A30BA2CCB7}"
EndProject
Project("{9A19103F-16F7-4668-BE54-9A1E7A4F7556}") = "Jhipster.gRPC.Contracts.Shared", "src\Jhipster.gRPC.Contracts.Shared\Jhipster.gRPC.Contracts.Shared.csproj", "{14B9FBE9-58D0-445B-85CD-B8ED9ABD8609}"
EndProject
Project("{2150E333-8FDC-42A3-9474-1A3956D46DE8}") = "Redis", "Redis", "{596587D6-0D0B-4CA0-BA59-189E3EA2699E}"
EndProject
Project("{9A19103F-16F7-4668-BE54-9A1E7A4F7556}") = "Module.Redis", "src\Jhipster.Module\Redis\Module.Redis\Module.Redis.csproj", "{53CE42B1-81B8-416B-A7B3-B2EF2C3F9C9B}"
EndProject
Project("{9A19103F-16F7-4668-BE54-9A1E7A4F7556}") = "Module.Redis.Library", "src\Jhipster.Module\Redis\Module.Redis.Library\Module.Redis.Library.csproj", "{DD10F5AB-DC4B-46A5-BFC8-D6F38CE9A73B}"
EndProject
Project("{2150E333-8FDC-42A3-9474-1A3956D46DE8}") = "Gateways", "Gateways", "{7AD37E72-9BFE-4D47-AF8B-3DA68A7F210D}"
EndProject
Project("{2150E333-8FDC-42A3-9474-1A3956D46DE8}") = "BFF.Web", "BFF.Web", "{BF26422C-C026-47DC-A9FE-58C6B2CB1EDC}"
EndProject
Project("{9A19103F-16F7-4668-BE54-9A1E7A4F7556}") = "BFF.Web", "src\Jhipster.BFF\BFF.Web\BFF.Web.csproj", "{CC0C621F-35AE-44E4-8AFD-49F6A8998EA4}"
EndProject
Project("{9A19103F-16F7-4668-BE54-9A1E7A4F7556}") = "Jhipster.Infrastructure", "src\Jhipster.Infrastructure\Jhipster.Infrastructure.csproj", "{1605B4B9-F276-40B1-AFE9-4BDD40894846}"
EndProject
Project("{2150E333-8FDC-42A3-9474-1A3956D46DE8}") = "OrderSvc", "OrderSvc", "{E1C55A45-91EC-48F2-89B8-E480EE3041FD}"
EndProject
Project("{9A19103F-16F7-4668-BE54-9A1E7A4F7556}") = "OrderSvc", "src\Jhipster.Module\OrderSvc\OrderSvc\OrderSvc.csproj", "{6755FE10-BCED-4A67-B74B-713AAD21BC56}"
EndProject
Project("{9A19103F-16F7-4668-BE54-9A1E7A4F7556}") = "OrderSvc.Application", "src\Jhipster.Module\OrderSvc\OrderSvc.Application\OrderSvc.Application.csproj", "{90069EB4-AE08-46BB-8EA6-19B9793A2896}"
EndProject
Project("{9A19103F-16F7-4668-BE54-9A1E7A4F7556}") = "OrderSvc.Domain", "src\Jhipster.Module\OrderSvc\OrderSvc.Domain\OrderSvc.Domain.csproj", "{94EA9596-A69F-45F3-B5DA-DBBFF4774B64}"
EndProject
Project("{9A19103F-16F7-4668-BE54-9A1E7A4F7556}") = "OrderSvc.Infrastructure", "src\Jhipster.Module\OrderSvc\OrderSvc.Infrastructure\OrderSvc.Infrastructure.csproj", "{60C55850-80F3-4CA0-874E-9BDB77BE5248}"
EndProject
Project("{9A19103F-16F7-4668-BE54-9A1E7A4F7556}") = "OrderSvc.Share", "src\Jhipster.Module\OrderSvc\OrderSvc.Share\OrderSvc.Share.csproj", "{A6F43F42-1A29-48D4-96A7-B2B5970ACA76}"
EndProject
Global
	GlobalSection(SolutionConfigurationPlatforms) = preSolution
		Debug|Any CPU = Debug|Any CPU
		Release|Any CPU = Release|Any CPU
	EndGlobalSection
	GlobalSection(ProjectConfigurationPlatforms) = postSolution
		{9FECE61E-1885-42B5-9CC7-4FD1E0CFEE8D}.Debug|Any CPU.ActiveCfg = Debug|Any CPU
		{9FECE61E-1885-42B5-9CC7-4FD1E0CFEE8D}.Debug|Any CPU.Build.0 = Debug|Any CPU
		{9FECE61E-1885-42B5-9CC7-4FD1E0CFEE8D}.Release|Any CPU.ActiveCfg = Release|Any CPU
		{9FECE61E-1885-42B5-9CC7-4FD1E0CFEE8D}.Release|Any CPU.Build.0 = Release|Any CPU
		{37F15DDB-9A1F-4E07-9C4B-4649A5E3842A}.Debug|Any CPU.ActiveCfg = Debug|Any CPU
		{37F15DDB-9A1F-4E07-9C4B-4649A5E3842A}.Debug|Any CPU.Build.0 = Debug|Any CPU
		{37F15DDB-9A1F-4E07-9C4B-4649A5E3842A}.Release|Any CPU.ActiveCfg = Release|Any CPU
		{37F15DDB-9A1F-4E07-9C4B-4649A5E3842A}.Release|Any CPU.Build.0 = Release|Any CPU
		{BF5D2C4C-543A-498E-9FD2-3F384DF2C42F}.Debug|Any CPU.ActiveCfg = Debug|Any CPU
		{BF5D2C4C-543A-498E-9FD2-3F384DF2C42F}.Debug|Any CPU.Build.0 = Debug|Any CPU
		{BF5D2C4C-543A-498E-9FD2-3F384DF2C42F}.Release|Any CPU.ActiveCfg = Release|Any CPU
		{BF5D2C4C-543A-498E-9FD2-3F384DF2C42F}.Release|Any CPU.Build.0 = Release|Any CPU
		{946EA956-67CB-4B59-82E8-957578101E63}.Debug|Any CPU.ActiveCfg = Debug|Any CPU
		{946EA956-67CB-4B59-82E8-957578101E63}.Debug|Any CPU.Build.0 = Debug|Any CPU
		{946EA956-67CB-4B59-82E8-957578101E63}.Release|Any CPU.ActiveCfg = Release|Any CPU
		{946EA956-67CB-4B59-82E8-957578101E63}.Release|Any CPU.Build.0 = Release|Any CPU
		{EF4F58D9-DC67-421F-AC87-FC6F1D3FED21}.Debug|Any CPU.ActiveCfg = Debug|Any CPU
		{EF4F58D9-DC67-421F-AC87-FC6F1D3FED21}.Debug|Any CPU.Build.0 = Debug|Any CPU
		{EF4F58D9-DC67-421F-AC87-FC6F1D3FED21}.Release|Any CPU.ActiveCfg = Release|Any CPU
		{EF4F58D9-DC67-421F-AC87-FC6F1D3FED21}.Release|Any CPU.Build.0 = Release|Any CPU
		{14B9FBE9-58D0-445B-85CD-B8ED9ABD8609}.Debug|Any CPU.ActiveCfg = Debug|Any CPU
		{14B9FBE9-58D0-445B-85CD-B8ED9ABD8609}.Debug|Any CPU.Build.0 = Debug|Any CPU
		{14B9FBE9-58D0-445B-85CD-B8ED9ABD8609}.Release|Any CPU.ActiveCfg = Release|Any CPU
		{14B9FBE9-58D0-445B-85CD-B8ED9ABD8609}.Release|Any CPU.Build.0 = Release|Any CPU
		{53CE42B1-81B8-416B-A7B3-B2EF2C3F9C9B}.Debug|Any CPU.ActiveCfg = Debug|Any CPU
		{53CE42B1-81B8-416B-A7B3-B2EF2C3F9C9B}.Debug|Any CPU.Build.0 = Debug|Any CPU
		{53CE42B1-81B8-416B-A7B3-B2EF2C3F9C9B}.Release|Any CPU.ActiveCfg = Release|Any CPU
		{53CE42B1-81B8-416B-A7B3-B2EF2C3F9C9B}.Release|Any CPU.Build.0 = Release|Any CPU
		{DD10F5AB-DC4B-46A5-BFC8-D6F38CE9A73B}.Debug|Any CPU.ActiveCfg = Debug|Any CPU
		{DD10F5AB-DC4B-46A5-BFC8-D6F38CE9A73B}.Debug|Any CPU.Build.0 = Debug|Any CPU
		{DD10F5AB-DC4B-46A5-BFC8-D6F38CE9A73B}.Release|Any CPU.ActiveCfg = Release|Any CPU
		{DD10F5AB-DC4B-46A5-BFC8-D6F38CE9A73B}.Release|Any CPU.Build.0 = Release|Any CPU
		{CC0C621F-35AE-44E4-8AFD-49F6A8998EA4}.Debug|Any CPU.ActiveCfg = Debug|Any CPU
		{CC0C621F-35AE-44E4-8AFD-49F6A8998EA4}.Debug|Any CPU.Build.0 = Debug|Any CPU
		{CC0C621F-35AE-44E4-8AFD-49F6A8998EA4}.Release|Any CPU.ActiveCfg = Release|Any CPU
		{CC0C621F-35AE-44E4-8AFD-49F6A8998EA4}.Release|Any CPU.Build.0 = Release|Any CPU
		{1605B4B9-F276-40B1-AFE9-4BDD40894846}.Debug|Any CPU.ActiveCfg = Debug|Any CPU
		{1605B4B9-F276-40B1-AFE9-4BDD40894846}.Debug|Any CPU.Build.0 = Debug|Any CPU
		{1605B4B9-F276-40B1-AFE9-4BDD40894846}.Release|Any CPU.ActiveCfg = Release|Any CPU
		{1605B4B9-F276-40B1-AFE9-4BDD40894846}.Release|Any CPU.Build.0 = Release|Any CPU
		{6755FE10-BCED-4A67-B74B-713AAD21BC56}.Debug|Any CPU.ActiveCfg = Debug|Any CPU
		{6755FE10-BCED-4A67-B74B-713AAD21BC56}.Debug|Any CPU.Build.0 = Debug|Any CPU
		{6755FE10-BCED-4A67-B74B-713AAD21BC56}.Release|Any CPU.ActiveCfg = Release|Any CPU
		{6755FE10-BCED-4A67-B74B-713AAD21BC56}.Release|Any CPU.Build.0 = Release|Any CPU
		{90069EB4-AE08-46BB-8EA6-19B9793A2896}.Debug|Any CPU.ActiveCfg = Debug|Any CPU
		{90069EB4-AE08-46BB-8EA6-19B9793A2896}.Debug|Any CPU.Build.0 = Debug|Any CPU
		{90069EB4-AE08-46BB-8EA6-19B9793A2896}.Release|Any CPU.ActiveCfg = Release|Any CPU
		{90069EB4-AE08-46BB-8EA6-19B9793A2896}.Release|Any CPU.Build.0 = Release|Any CPU
		{94EA9596-A69F-45F3-B5DA-DBBFF4774B64}.Debug|Any CPU.ActiveCfg = Debug|Any CPU
		{94EA9596-A69F-45F3-B5DA-DBBFF4774B64}.Debug|Any CPU.Build.0 = Debug|Any CPU
		{94EA9596-A69F-45F3-B5DA-DBBFF4774B64}.Release|Any CPU.ActiveCfg = Release|Any CPU
		{94EA9596-A69F-45F3-B5DA-DBBFF4774B64}.Release|Any CPU.Build.0 = Release|Any CPU
		{60C55850-80F3-4CA0-874E-9BDB77BE5248}.Debug|Any CPU.ActiveCfg = Debug|Any CPU
		{60C55850-80F3-4CA0-874E-9BDB77BE5248}.Debug|Any CPU.Build.0 = Debug|Any CPU
		{60C55850-80F3-4CA0-874E-9BDB77BE5248}.Release|Any CPU.ActiveCfg = Release|Any CPU
		{60C55850-80F3-4CA0-874E-9BDB77BE5248}.Release|Any CPU.Build.0 = Release|Any CPU
		{A6F43F42-1A29-48D4-96A7-B2B5970ACA76}.Debug|Any CPU.ActiveCfg = Debug|Any CPU
		{A6F43F42-1A29-48D4-96A7-B2B5970ACA76}.Debug|Any CPU.Build.0 = Debug|Any CPU
		{A6F43F42-1A29-48D4-96A7-B2B5970ACA76}.Release|Any CPU.ActiveCfg = Release|Any CPU
		{A6F43F42-1A29-48D4-96A7-B2B5970ACA76}.Release|Any CPU.Build.0 = Release|Any CPU
	EndGlobalSection
	GlobalSection(SolutionProperties) = preSolution
		HideSolutionNode = FALSE
	EndGlobalSection
	GlobalSection(NestedProjects) = preSolution
		{9FECE61E-1885-42B5-9CC7-4FD1E0CFEE8D} = {4DDC692B-BA45-4B18-A4D6-C1E687991FF3}
		{37F15DDB-9A1F-4E07-9C4B-4649A5E3842A} = {4DDC692B-BA45-4B18-A4D6-C1E687991FF3}
		{BF5D2C4C-543A-498E-9FD2-3F384DF2C42F} = {4DDC692B-BA45-4B18-A4D6-C1E687991FF3}
		{946EA956-67CB-4B59-82E8-957578101E63} = {4DDC692B-BA45-4B18-A4D6-C1E687991FF3}
		{EF4F58D9-DC67-421F-AC87-FC6F1D3FED21} = {4DDC692B-BA45-4B18-A4D6-C1E687991FF3}
		{C67353D3-9679-4C11-9D34-32A30BA2CCB7} = {4DDC692B-BA45-4B18-A4D6-C1E687991FF3}
		{14B9FBE9-58D0-445B-85CD-B8ED9ABD8609} = {4DDC692B-BA45-4B18-A4D6-C1E687991FF3}
		{596587D6-0D0B-4CA0-BA59-189E3EA2699E} = {C67353D3-9679-4C11-9D34-32A30BA2CCB7}
		{53CE42B1-81B8-416B-A7B3-B2EF2C3F9C9B} = {596587D6-0D0B-4CA0-BA59-189E3EA2699E}
		{DD10F5AB-DC4B-46A5-BFC8-D6F38CE9A73B} = {596587D6-0D0B-4CA0-BA59-189E3EA2699E}
		{7AD37E72-9BFE-4D47-AF8B-3DA68A7F210D} = {4DDC692B-BA45-4B18-A4D6-C1E687991FF3}
		{BF26422C-C026-47DC-A9FE-58C6B2CB1EDC} = {7AD37E72-9BFE-4D47-AF8B-3DA68A7F210D}
		{CC0C621F-35AE-44E4-8AFD-49F6A8998EA4} = {BF26422C-C026-47DC-A9FE-58C6B2CB1EDC}
		{1605B4B9-F276-40B1-AFE9-4BDD40894846} = {4DDC692B-BA45-4B18-A4D6-C1E687991FF3}
		{E1C55A45-91EC-48F2-89B8-E480EE3041FD} = {C67353D3-9679-4C11-9D34-32A30BA2CCB7}
		{6755FE10-BCED-4A67-B74B-713AAD21BC56} = {E1C55A45-91EC-48F2-89B8-E480EE3041FD}
		{90069EB4-AE08-46BB-8EA6-19B9793A2896} = {E1C55A45-91EC-48F2-89B8-E480EE3041FD}
		{94EA9596-A69F-45F3-B5DA-DBBFF4774B64} = {E1C55A45-91EC-48F2-89B8-E480EE3041FD}
		{60C55850-80F3-4CA0-874E-9BDB77BE5248} = {E1C55A45-91EC-48F2-89B8-E480EE3041FD}
		{A6F43F42-1A29-48D4-96A7-B2B5970ACA76} = {E1C55A45-91EC-48F2-89B8-E480EE3041FD}
	EndGlobalSection
	GlobalSection(ExtensibilityGlobals) = postSolution
		SolutionGuid = {20379476-76C3-4BB4-A09B-CC43100537E5}
	EndGlobalSection
EndGlobal
